
Microsoft Visual Studio Solution File, Format Version 12.00
# Visual Studio Version 17
VisualStudioVersion = 17.8.34330.188
MinimumVisualStudioVersion = 10.0.40219.1
Project("{9A19103F-16F7-4668-BE54-9A1E7A4F7556}") = "TextAnalysis.App", "TextAnalysis.App\TextAnalysis.App.csproj", "{24A8E5B4-5E06-4828-9D13-D5EAF257ADC1}"
EndProject
Project("{FAE04EC0-301F-11D3-BF4B-00C04F79EFBC}") = "TextAnalysis.Logic", "TextAnalysis.Logic\TextAnalysis.Logic.csproj", "{84D34AFB-571A-42CD-ADA7-0FBA3702CB81}"
EndProject
Global
	GlobalSection(SolutionConfigurationPlatforms) = preSolution
		Debug|Any CPU = Debug|Any CPU
		Release|Any CPU = Release|Any CPU
	EndGlobalSection
	GlobalSection(ProjectConfigurationPlatforms) = postSolution
		{24A8E5B4-5E06-4828-9D13-D5EAF257ADC1}.Debug|Any CPU.ActiveCfg = Debug|Any CPU
		{24A8E5B4-5E06-4828-9D13-D5EAF257ADC1}.Debug|Any CPU.Build.0 = Debug|Any CPU
		{24A8E5B4-5E06-4828-9D13-D5EAF257ADC1}.Release|Any CPU.ActiveCfg = Release|Any CPU
		{24A8E5B4-5E06-4828-9D13-D5EAF257ADC1}.Release|Any CPU.Build.0 = Release|Any CPU
		{84D34AFB-571A-42CD-ADA7-0FBA3702CB81}.Debug|Any CPU.ActiveCfg = Debug|Any CPU
		{84D34AFB-571A-42CD-ADA7-0FBA3702CB81}.Debug|Any CPU.Build.0 = Debug|Any CPU
		{84D34AFB-571A-42CD-ADA7-0FBA3702CB81}.Release|Any CPU.ActiveCfg = Release|Any CPU
		{84D34AFB-571A-42CD-ADA7-0FBA3702CB81}.Release|Any CPU.Build.0 = Release|Any CPU
	EndGlobalSection
	GlobalSection(SolutionProperties) = preSolution
		HideSolutionNode = FALSE
	EndGlobalSection
	GlobalSection(ExtensibilityGlobals) = postSolution
		SolutionGuid = {69A01ADD-CD8C-48D7-B5D8-475B9DC47DC7}
	EndGlobalSection
EndGlobal
